{
  "object": {
    "pins": [
      {
        "package": "Disk",
        "repositoryURL": "git@github.com:saoudrizwan/Disk.git",
        "state": {
          "branch": null,
          "revision": "b0cb4fdf23e51849cc2460bdc6de795c3bcca99d",
          "version": "0.6.4"
        }
      },
      {
        "package": "Then",
        "repositoryURL": "git@github.com:devxoul/Then.git",
        "state": {
          "branch": null,
          "revision": "6792b283705e65385a203ed5793fa269bc1221bf",
          "version": "2.6.0"
        }
      },
      {
        "package": "TimelaneCombine",
        "repositoryURL": "https://github.com/icanzilb/TimelaneCombine",
        "state": {
          "branch": null,
          "revision": "198f26b871c6ae0a3037806d3368eda15c823e5e",
          "version": "1.0.6"
        }
      },
      {
        "package": "TimelaneCore",
        "repositoryURL": "https://github.com/icanzilb/TimelaneCore",
        "state": {
          "branch": null,
          "revision": "29d9c8c56575819c025b87c836fb1ce320e405df",
          "version": "1.0.8"
        }
      }
    ]
  },
  "version": 1
}
